
Microsoft Visual Studio Solution File, Format Version 12.00
# Visual Studio Version 17
VisualStudioVersion = 17.10.34916.146
MinimumVisualStudioVersion = 10.0.40219.1
Project("{9A19103F-16F7-4668-BE54-9A1E7A4F7556}") = "API", "API\API.csproj", "{C8E50B39-FD83-4800-B5C3-EF45540F7DCA}"
EndProject
Project("{9A19103F-16F7-4668-BE54-9A1E7A4F7556}") = "Application", "Core\Application.csproj", "{EDA0C02A-C3EF-4212-A982-2DE50E83895F}"
EndProject
Project("{9A19103F-16F7-4668-BE54-9A1E7A4F7556}") = "Domain", "Domain\Domain.csproj", "{29166A98-114D-45C7-911D-4C207530B520}"
EndProject
Project("{9A19103F-16F7-4668-BE54-9A1E7A4F7556}") = "DTOs", "DTOs\DTOs.csproj", "{81596A1C-2F71-4540-AD5D-B06356678367}"
EndProject
Project("{9A19103F-16F7-4668-BE54-9A1E7A4F7556}") = "Persistence", "Infrastructure\Persistence.csproj", "{08608AC8-19F7-42A2-A358-7E2AEFC33995}"
EndProject
Project("{9A19103F-16F7-4668-BE54-9A1E7A4F7556}") = "Mappings", "Mappings\Mappings.csproj", "{9597AC81-0DE5-42F9-A698-77D1F8E2FECF}"
EndProject
Project("{9A19103F-16F7-4668-BE54-9A1E7A4F7556}") = "Utilities", "Utilities\Utilities.csproj", "{3C473BC5-CFA2-494A-B1C2-1A3D23D78294}"
EndProject
Project("{2150E333-8FDC-42A3-9474-1A3956D46DE8}") = "src", "src", "{B788B811-CAC7-4ECD-BF83-238A1762F9A7}"
EndProject
Project("{2150E333-8FDC-42A3-9474-1A3956D46DE8}") = "test", "test", "{97156A93-53AE-425F-B0DA-B126CE1D66B5}"
EndProject
Project("{2150E333-8FDC-42A3-9474-1A3956D46DE8}") = "Core", "Core", "{8016370A-6599-4FF9-90AA-B373CD804C9C}"
EndProject
Project("{2150E333-8FDC-42A3-9474-1A3956D46DE8}") = "API", "API", "{0635BB3F-1EE5-4E70-91D2-41D86A240B9E}"
EndProject
Project("{2150E333-8FDC-42A3-9474-1A3956D46DE8}") = "Infrastructure", "Infrastructure", "{AD63AC31-FB4B-4F6F-978F-08B075146198}"
EndProject
Project("{FAE04EC0-301F-11D3-BF4B-00C04F79EFBC}") = "RealTime", "RealTime\RealTime.csproj", "{A3D7D152-C4B5-4C26-BF94-BC8731B8E4BB}"
EndProject
Global
	GlobalSection(SolutionConfigurationPlatforms) = preSolution
		Debug|Any CPU = Debug|Any CPU
		Release|Any CPU = Release|Any CPU
	EndGlobalSection
	GlobalSection(ProjectConfigurationPlatforms) = postSolution
		{C8E50B39-FD83-4800-B5C3-EF45540F7DCA}.Debug|Any CPU.ActiveCfg = Debug|Any CPU
		{C8E50B39-FD83-4800-B5C3-EF45540F7DCA}.Debug|Any CPU.Build.0 = Debug|Any CPU
		{C8E50B39-FD83-4800-B5C3-EF45540F7DCA}.Release|Any CPU.ActiveCfg = Release|Any CPU
		{C8E50B39-FD83-4800-B5C3-EF45540F7DCA}.Release|Any CPU.Build.0 = Release|Any CPU
		{EDA0C02A-C3EF-4212-A982-2DE50E83895F}.Debug|Any CPU.ActiveCfg = Debug|Any CPU
		{EDA0C02A-C3EF-4212-A982-2DE50E83895F}.Debug|Any CPU.Build.0 = Debug|Any CPU
		{EDA0C02A-C3EF-4212-A982-2DE50E83895F}.Release|Any CPU.ActiveCfg = Release|Any CPU
		{EDA0C02A-C3EF-4212-A982-2DE50E83895F}.Release|Any CPU.Build.0 = Release|Any CPU
		{29166A98-114D-45C7-911D-4C207530B520}.Debug|Any CPU.ActiveCfg = Debug|Any CPU
		{29166A98-114D-45C7-911D-4C207530B520}.Debug|Any CPU.Build.0 = Debug|Any CPU
		{29166A98-114D-45C7-911D-4C207530B520}.Release|Any CPU.ActiveCfg = Release|Any CPU
		{29166A98-114D-45C7-911D-4C207530B520}.Release|Any CPU.Build.0 = Release|Any CPU
		{81596A1C-2F71-4540-AD5D-B06356678367}.Debug|Any CPU.ActiveCfg = Debug|Any CPU
		{81596A1C-2F71-4540-AD5D-B06356678367}.Debug|Any CPU.Build.0 = Debug|Any CPU
		{81596A1C-2F71-4540-AD5D-B06356678367}.Release|Any CPU.ActiveCfg = Release|Any CPU
		{81596A1C-2F71-4540-AD5D-B06356678367}.Release|Any CPU.Build.0 = Release|Any CPU
		{08608AC8-19F7-42A2-A358-7E2AEFC33995}.Debug|Any CPU.ActiveCfg = Debug|Any CPU
		{08608AC8-19F7-42A2-A358-7E2AEFC33995}.Debug|Any CPU.Build.0 = Debug|Any CPU
		{08608AC8-19F7-42A2-A358-7E2AEFC33995}.Release|Any CPU.ActiveCfg = Release|Any CPU
		{08608AC8-19F7-42A2-A358-7E2AEFC33995}.Release|Any CPU.Build.0 = Release|Any CPU
		{9597AC81-0DE5-42F9-A698-77D1F8E2FECF}.Debug|Any CPU.ActiveCfg = Debug|Any CPU
		{9597AC81-0DE5-42F9-A698-77D1F8E2FECF}.Debug|Any CPU.Build.0 = Debug|Any CPU
		{9597AC81-0DE5-42F9-A698-77D1F8E2FECF}.Release|Any CPU.ActiveCfg = Release|Any CPU
		{9597AC81-0DE5-42F9-A698-77D1F8E2FECF}.Release|Any CPU.Build.0 = Release|Any CPU
		{3C473BC5-CFA2-494A-B1C2-1A3D23D78294}.Debug|Any CPU.ActiveCfg = Debug|Any CPU
		{3C473BC5-CFA2-494A-B1C2-1A3D23D78294}.Debug|Any CPU.Build.0 = Debug|Any CPU
		{3C473BC5-CFA2-494A-B1C2-1A3D23D78294}.Release|Any CPU.ActiveCfg = Release|Any CPU
		{3C473BC5-CFA2-494A-B1C2-1A3D23D78294}.Release|Any CPU.Build.0 = Release|Any CPU
		{A3D7D152-C4B5-4C26-BF94-BC8731B8E4BB}.Debug|Any CPU.ActiveCfg = Debug|Any CPU
		{A3D7D152-C4B5-4C26-BF94-BC8731B8E4BB}.Debug|Any CPU.Build.0 = Debug|Any CPU
		{A3D7D152-C4B5-4C26-BF94-BC8731B8E4BB}.Release|Any CPU.ActiveCfg = Release|Any CPU
		{A3D7D152-C4B5-4C26-BF94-BC8731B8E4BB}.Release|Any CPU.Build.0 = Release|Any CPU
	EndGlobalSection
	GlobalSection(SolutionProperties) = preSolution
		HideSolutionNode = FALSE
	EndGlobalSection
	GlobalSection(NestedProjects) = preSolution
		{C8E50B39-FD83-4800-B5C3-EF45540F7DCA} = {0635BB3F-1EE5-4E70-91D2-41D86A240B9E}
		{EDA0C02A-C3EF-4212-A982-2DE50E83895F} = {8016370A-6599-4FF9-90AA-B373CD804C9C}
		{29166A98-114D-45C7-911D-4C207530B520} = {8016370A-6599-4FF9-90AA-B373CD804C9C}
		{81596A1C-2F71-4540-AD5D-B06356678367} = {8016370A-6599-4FF9-90AA-B373CD804C9C}
		{08608AC8-19F7-42A2-A358-7E2AEFC33995} = {AD63AC31-FB4B-4F6F-978F-08B075146198}
		{9597AC81-0DE5-42F9-A698-77D1F8E2FECF} = {8016370A-6599-4FF9-90AA-B373CD804C9C}
		{3C473BC5-CFA2-494A-B1C2-1A3D23D78294} = {8016370A-6599-4FF9-90AA-B373CD804C9C}
		{8016370A-6599-4FF9-90AA-B373CD804C9C} = {B788B811-CAC7-4ECD-BF83-238A1762F9A7}
		{0635BB3F-1EE5-4E70-91D2-41D86A240B9E} = {B788B811-CAC7-4ECD-BF83-238A1762F9A7}
		{AD63AC31-FB4B-4F6F-978F-08B075146198} = {B788B811-CAC7-4ECD-BF83-238A1762F9A7}
		{A3D7D152-C4B5-4C26-BF94-BC8731B8E4BB} = {AD63AC31-FB4B-4F6F-978F-08B075146198}
	EndGlobalSection
	GlobalSection(ExtensibilityGlobals) = postSolution
		SolutionGuid = {CF84A566-64CE-4565-849A-0346B5B902F6}
	EndGlobalSection
EndGlobal
