
Microsoft Visual Studio Solution File, Format Version 12.00
# Visual Studio Version 17
VisualStudioVersion = 17.10.34916.146
MinimumVisualStudioVersion = 10.0.40219.1
Project("{FAE04EC0-301F-11D3-BF4B-00C04F79EFBC}") = "API", "API\API.csproj", "{C8E50B39-FD83-4800-B5C3-EF45540F7DCA}"
EndProject
Project("{FAE04EC0-301F-11D3-BF4B-00C04F79EFBC}") = "Core", "Core\Core.csproj", "{EDA0C02A-C3EF-4212-A982-2DE50E83895F}"
EndProject
Project("{FAE04EC0-301F-11D3-BF4B-00C04F79EFBC}") = "Domain", "Domain\Domain.csproj", "{29166A98-114D-45C7-911D-4C207530B520}"
EndProject
Project("{FAE04EC0-301F-11D3-BF4B-00C04F79EFBC}") = "DTOs", "DTOs\DTOs.csproj", "{81596A1C-2F71-4540-AD5D-B06356678367}"
EndProject
Project("{FAE04EC0-301F-11D3-BF4B-00C04F79EFBC}") = "Infrastructure", "Infrastructure\Infrastructure.csproj", "{08608AC8-19F7-42A2-A358-7E2AEFC33995}"
EndProject
Project("{FAE04EC0-301F-11D3-BF4B-00C04F79EFBC}") = "Mappings", "Mappings\Mappings.csproj", "{9597AC81-0DE5-42F9-A698-77D1F8E2FECF}"
EndProject
Project("{FAE04EC0-301F-11D3-BF4B-00C04F79EFBC}") = "Utilities", "Utilities\Utilities.csproj", "{3C473BC5-CFA2-494A-B1C2-1A3D23D78294}"
EndProject
Global
	GlobalSection(SolutionConfigurationPlatforms) = preSolution
		Debug|Any CPU = Debug|Any CPU
		Release|Any CPU = Release|Any CPU
	EndGlobalSection
	GlobalSection(ProjectConfigurationPlatforms) = postSolution
		{C8E50B39-FD83-4800-B5C3-EF45540F7DCA}.Debug|Any CPU.ActiveCfg = Debug|Any CPU
		{C8E50B39-FD83-4800-B5C3-EF45540F7DCA}.Debug|Any CPU.Build.0 = Debug|Any CPU
		{C8E50B39-FD83-4800-B5C3-EF45540F7DCA}.Release|Any CPU.ActiveCfg = Release|Any CPU
		{C8E50B39-FD83-4800-B5C3-EF45540F7DCA}.Release|Any CPU.Build.0 = Release|Any CPU
		{EDA0C02A-C3EF-4212-A982-2DE50E83895F}.Debug|Any CPU.ActiveCfg = Debug|Any CPU
		{EDA0C02A-C3EF-4212-A982-2DE50E83895F}.Debug|Any CPU.Build.0 = Debug|Any CPU
		{EDA0C02A-C3EF-4212-A982-2DE50E83895F}.Release|Any CPU.ActiveCfg = Release|Any CPU
		{EDA0C02A-C3EF-4212-A982-2DE50E83895F}.Release|Any CPU.Build.0 = Release|Any CPU
		{29166A98-114D-45C7-911D-4C207530B520}.Debug|Any CPU.ActiveCfg = Debug|Any CPU
		{29166A98-114D-45C7-911D-4C207530B520}.Debug|Any CPU.Build.0 = Debug|Any CPU
		{29166A98-114D-45C7-911D-4C207530B520}.Release|Any CPU.ActiveCfg = Release|Any CPU
		{29166A98-114D-45C7-911D-4C207530B520}.Release|Any CPU.Build.0 = Release|Any CPU
		{81596A1C-2F71-4540-AD5D-B06356678367}.Debug|Any CPU.ActiveCfg = Debug|Any CPU
		{81596A1C-2F71-4540-AD5D-B06356678367}.Debug|Any CPU.Build.0 = Debug|Any CPU
		{81596A1C-2F71-4540-AD5D-B06356678367}.Release|Any CPU.ActiveCfg = Release|Any CPU
		{81596A1C-2F71-4540-AD5D-B06356678367}.Release|Any CPU.Build.0 = Release|Any CPU
		{08608AC8-19F7-42A2-A358-7E2AEFC33995}.Debug|Any CPU.ActiveCfg = Debug|Any CPU
		{08608AC8-19F7-42A2-A358-7E2AEFC33995}.Debug|Any CPU.Build.0 = Debug|Any CPU
		{08608AC8-19F7-42A2-A358-7E2AEFC33995}.Release|Any CPU.ActiveCfg = Release|Any CPU
		{08608AC8-19F7-42A2-A358-7E2AEFC33995}.Release|Any CPU.Build.0 = Release|Any CPU
		{9597AC81-0DE5-42F9-A698-77D1F8E2FECF}.Debug|Any CPU.ActiveCfg = Debug|Any CPU
		{9597AC81-0DE5-42F9-A698-77D1F8E2FECF}.Debug|Any CPU.Build.0 = Debug|Any CPU
		{9597AC81-0DE5-42F9-A698-77D1F8E2FECF}.Release|Any CPU.ActiveCfg = Release|Any CPU
		{9597AC81-0DE5-42F9-A698-77D1F8E2FECF}.Release|Any CPU.Build.0 = Release|Any CPU
		{3C473BC5-CFA2-494A-B1C2-1A3D23D78294}.Debug|Any CPU.ActiveCfg = Debug|Any CPU
		{3C473BC5-CFA2-494A-B1C2-1A3D23D78294}.Debug|Any CPU.Build.0 = Debug|Any CPU
		{3C473BC5-CFA2-494A-B1C2-1A3D23D78294}.Release|Any CPU.ActiveCfg = Release|Any CPU
		{3C473BC5-CFA2-494A-B1C2-1A3D23D78294}.Release|Any CPU.Build.0 = Release|Any CPU
	EndGlobalSection
	GlobalSection(SolutionProperties) = preSolution
		HideSolutionNode = FALSE
	EndGlobalSection
	GlobalSection(ExtensibilityGlobals) = postSolution
		SolutionGuid = {CF84A566-64CE-4565-849A-0346B5B902F6}
	EndGlobalSection
EndGlobal
